
Microsoft Visual Studio Solution File, Format Version 12.00
# Visual Studio Version 16
VisualStudioVersion = 16.0.31729.503
MinimumVisualStudioVersion = 10.0.40219.1
Project("{2150E333-8FDC-42A3-9474-1A3956D46DE8}") = "1- Presentation", "1- Presentation", "{30076FD8-7623-4B81-AD4C-62EAF0DF736C}"
EndProject
Project("{2150E333-8FDC-42A3-9474-1A3956D46DE8}") = "2- Core", "2- Core", "{1D1DB59C-1100-45F7-BFEB-22ADF6F3BC96}"
EndProject
Project("{2150E333-8FDC-42A3-9474-1A3956D46DE8}") = "3- Domain", "3- Domain", "{F848B722-4E08-430D-B771-89DD4D2C8332}"
EndProject
Project("{2150E333-8FDC-42A3-9474-1A3956D46DE8}") = "4- Infra", "4- Infra", "{61AC0A27-9179-4126-B22C-9AF98D912C44}"
EndProject
Project("{9A19103F-16F7-4668-BE54-9A1E7A4F7556}") = "BMWQuiz.Domain", "BMWQuiz.Domain\BMWQuiz.Domain.csproj", "{DBECDE42-CC02-458C-A7E2-2C8E39D041FE}"
EndProject
Project("{9A19103F-16F7-4668-BE54-9A1E7A4F7556}") = "BMWQuiz.Infra.Data", "BMWQuiz.Infra.Data\BMWQuiz.Infra.Data.csproj", "{93409240-A076-4CE0-BA56-668514B1DD52}"
EndProject
Project("{9A19103F-16F7-4668-BE54-9A1E7A4F7556}") = "BMWQuiz.Core", "BMWQuiz.Core\BMWQuiz.Core.csproj", "{6928C2F8-565D-4B46-835D-7D9E63031F90}"
EndProject
Project("{9A19103F-16F7-4668-BE54-9A1E7A4F7556}") = "BMWQuiz.Presentation.API", "BMWQuiz.Presentation.API\BMWQuiz.Presentation.API.csproj", "{72A9FDA0-FC9C-4DCE-9C29-79D08041CE0F}"
EndProject
Project("{2150E333-8FDC-42A3-9474-1A3956D46DE8}") = "5- Tests", "5- Tests", "{DBAD15E8-134B-44E6-AD46-A9FFDD243066}"
EndProject
Project("{FAE04EC0-301F-11D3-BF4B-00C04F79EFBC}") = "BMWQuiz.Tests", "BMWQuiz.Tests\BMWQuiz.Tests.csproj", "{69DCB727-A936-4BEB-8039-190B5D4CE80D}"
EndProject
Global
	GlobalSection(SolutionConfigurationPlatforms) = preSolution
		Debug|Any CPU = Debug|Any CPU
		Release|Any CPU = Release|Any CPU
	EndGlobalSection
	GlobalSection(ProjectConfigurationPlatforms) = postSolution
		{DBECDE42-CC02-458C-A7E2-2C8E39D041FE}.Debug|Any CPU.ActiveCfg = Debug|Any CPU
		{DBECDE42-CC02-458C-A7E2-2C8E39D041FE}.Debug|Any CPU.Build.0 = Debug|Any CPU
		{DBECDE42-CC02-458C-A7E2-2C8E39D041FE}.Release|Any CPU.ActiveCfg = Release|Any CPU
		{DBECDE42-CC02-458C-A7E2-2C8E39D041FE}.Release|Any CPU.Build.0 = Release|Any CPU
		{93409240-A076-4CE0-BA56-668514B1DD52}.Debug|Any CPU.ActiveCfg = Debug|Any CPU
		{93409240-A076-4CE0-BA56-668514B1DD52}.Debug|Any CPU.Build.0 = Debug|Any CPU
		{93409240-A076-4CE0-BA56-668514B1DD52}.Release|Any CPU.ActiveCfg = Release|Any CPU
		{93409240-A076-4CE0-BA56-668514B1DD52}.Release|Any CPU.Build.0 = Release|Any CPU
		{6928C2F8-565D-4B46-835D-7D9E63031F90}.Debug|Any CPU.ActiveCfg = Debug|Any CPU
		{6928C2F8-565D-4B46-835D-7D9E63031F90}.Debug|Any CPU.Build.0 = Debug|Any CPU
		{6928C2F8-565D-4B46-835D-7D9E63031F90}.Release|Any CPU.ActiveCfg = Release|Any CPU
		{6928C2F8-565D-4B46-835D-7D9E63031F90}.Release|Any CPU.Build.0 = Release|Any CPU
		{72A9FDA0-FC9C-4DCE-9C29-79D08041CE0F}.Debug|Any CPU.ActiveCfg = Debug|Any CPU
		{72A9FDA0-FC9C-4DCE-9C29-79D08041CE0F}.Debug|Any CPU.Build.0 = Debug|Any CPU
		{72A9FDA0-FC9C-4DCE-9C29-79D08041CE0F}.Release|Any CPU.ActiveCfg = Release|Any CPU
		{72A9FDA0-FC9C-4DCE-9C29-79D08041CE0F}.Release|Any CPU.Build.0 = Release|Any CPU
		{69DCB727-A936-4BEB-8039-190B5D4CE80D}.Debug|Any CPU.ActiveCfg = Debug|Any CPU
		{69DCB727-A936-4BEB-8039-190B5D4CE80D}.Debug|Any CPU.Build.0 = Debug|Any CPU
		{69DCB727-A936-4BEB-8039-190B5D4CE80D}.Release|Any CPU.ActiveCfg = Release|Any CPU
		{69DCB727-A936-4BEB-8039-190B5D4CE80D}.Release|Any CPU.Build.0 = Release|Any CPU
	EndGlobalSection
	GlobalSection(SolutionProperties) = preSolution
		HideSolutionNode = FALSE
	EndGlobalSection
	GlobalSection(NestedProjects) = preSolution
		{DBECDE42-CC02-458C-A7E2-2C8E39D041FE} = {F848B722-4E08-430D-B771-89DD4D2C8332}
		{93409240-A076-4CE0-BA56-668514B1DD52} = {61AC0A27-9179-4126-B22C-9AF98D912C44}
		{6928C2F8-565D-4B46-835D-7D9E63031F90} = {1D1DB59C-1100-45F7-BFEB-22ADF6F3BC96}
		{72A9FDA0-FC9C-4DCE-9C29-79D08041CE0F} = {30076FD8-7623-4B81-AD4C-62EAF0DF736C}
		{69DCB727-A936-4BEB-8039-190B5D4CE80D} = {DBAD15E8-134B-44E6-AD46-A9FFDD243066}
	EndGlobalSection
	GlobalSection(ExtensibilityGlobals) = postSolution
		SolutionGuid = {5F266B0F-1A4D-469B-8CAB-E286E25401AD}
	EndGlobalSection
EndGlobal
